// !$*UTF8*$!
{
	archiveVersion = 1;
	classes = {
	};
	objectVersion = 56;
	objects = {

/* Begin PBXBuildFile section */
		320EA3912944568F00BDDA4C /* SimpleDropdownSwiftUIApp.swift in Sources */ = {isa = PBXBuildFile; fileRef = 320EA3902944568F00BDDA4C /* SimpleDropdownSwiftUIApp.swift */; };
		320EA3932944568F00BDDA4C /* ContentView.swift in Sources */ = {isa = PBXBuildFile; fileRef = 320EA3922944568F00BDDA4C /* ContentView.swift */; };
		320EA3952944569100BDDA4C /* Assets.xcassets in Resources */ = {isa = PBXBuildFile; fileRef = 320EA3942944569100BDDA4C /* Assets.xcassets */; };
		320EA3982944569100BDDA4C /* Preview Assets.xcassets in Resources */ = {isa = PBXBuildFile; fileRef = 320EA3972944569100BDDA4C /* Preview Assets.xcassets */; };
		320EA3A22944569100BDDA4C /* SimpleDropdownSwiftUITests.swift in Sources */ = {isa = PBXBuildFile; fileRef = 320EA3A12944569100BDDA4C /* SimpleDropdownSwiftUITests.swift */; };
		320EA3AC2944569100BDDA4C /* SimpleDropdownSwiftUIUITests.swift in Sources */ = {isa = PBXBuildFile; fileRef = 320EA3AB2944569100BDDA4C /* SimpleDropdownSwiftUIUITests.swift */; };
		320EA3AE2944569100BDDA4C /* SimpleDropdownSwiftUIUITestsLaunchTests.swift in Sources */ = {isa = PBXBuildFile; fileRef = 320EA3AD2944569100BDDA4C /* SimpleDropdownSwiftUIUITestsLaunchTests.swift */; };
/* End PBXBuildFile section */

/* Begin PBXContainerItemProxy section */
		320EA39E2944569100BDDA4C /* PBXContainerItemProxy */ = {
			isa = PBXContainerItemProxy;
			containerPortal = 320EA3852944568F00BDDA4C /* Project object */;
			proxyType = 1;
			remoteGlobalIDString = 320EA38C2944568F00BDDA4C;
			remoteInfo = SimpleDropdownSwiftUI;
		};
		320EA3A82944569100BDDA4C /* PBXContainerItemProxy */ = {
			isa = PBXContainerItemProxy;
			containerPortal = 320EA3852944568F00BDDA4C /* Project object */;
			proxyType = 1;
			remoteGlobalIDString = 320EA38C2944568F00BDDA4C;
			remoteInfo = SimpleDropdownSwiftUI;
		};
/* End PBXContainerItemProxy section */

/* Begin PBXFileReference section */
		320EA38D2944568F00BDDA4C /* SimpleDropdownSwiftUI.app */ = {isa = PBXFileReference; explicitFileType = wrapper.application; includeInIndex = 0; path = SimpleDropdownSwiftUI.app; sourceTree = BUILT_PRODUCTS_DIR; };
		320EA3902944568F00BDDA4C /* SimpleDropdownSwiftUIApp.swift */ = {isa = PBXFileReference; lastKnownFileType = sourcecode.swift; path = SimpleDropdownSwiftUIApp.swift; sourceTree = "<group>"; };
		320EA3922944568F00BDDA4C /* ContentView.swift */ = {isa = PBXFileReference; lastKnownFileType = sourcecode.swift; path = ContentView.swift; sourceTree = "<group>"; };
		320EA3942944569100BDDA4C /* Assets.xcassets */ = {isa = PBXFileReference; lastKnownFileType = folder.assetcatalog; path = Assets.xcassets; sourceTree = "<group>"; };
		320EA3972944569100BDDA4C /* Preview Assets.xcassets */ = {isa = PBXFileReference; lastKnownFileType = folder.assetcatalog; path = "Preview Assets.xcassets"; sourceTree = "<group>"; };
		320EA39D2944569100BDDA4C /* SimpleDropdownSwiftUITests.xctest */ = {isa = PBXFileReference; explicitFileType = wrapper.cfbundle; includeInIndex = 0; path = SimpleDropdownSwiftUITests.xctest; sourceTree = BUILT_PRODUCTS_DIR; };
		320EA3A12944569100BDDA4C /* SimpleDropdownSwiftUITests.swift */ = {isa = PBXFileReference; lastKnownFileType = sourcecode.swift; path = SimpleDropdownSwiftUITests.swift; sourceTree = "<group>"; };
		320EA3A72944569100BDDA4C /* SimpleDropdownSwiftUIUITests.xctest */ = {isa = PBXFileReference; explicitFileType = wrapper.cfbundle; includeInIndex = 0; path = SimpleDropdownSwiftUIUITests.xctest; sourceTree = BUILT_PRODUCTS_DIR; };
		320EA3AB2944569100BDDA4C /* SimpleDropdownSwiftUIUITests.swift */ = {isa = PBXFileReference; lastKnownFileType = sourcecode.swift; path = SimpleDropdownSwiftUIUITests.swift; sourceTree = "<group>"; };
		320EA3AD2944569100BDDA4C /* SimpleDropdownSwiftUIUITestsLaunchTests.swift */ = {isa = PBXFileReference; lastKnownFileType = sourcecode.swift; path = SimpleDropdownSwiftUIUITestsLaunchTests.swift; sourceTree = "<group>"; };
/* End PBXFileReference section */

/* Begin PBXFrameworksBuildPhase section */
		320EA38A2944568F00BDDA4C /* Frameworks */ = {
			isa = PBXFrameworksBuildPhase;
			buildActionMask = 2147483647;
			files = (
			);
			runOnlyForDeploymentPostprocessing = 0;
		};
		320EA39A2944569100BDDA4C /* Frameworks */ = {
			isa = PBXFrameworksBuildPhase;
			buildActionMask = 2147483647;
			files = (
			);
			runOnlyForDeploymentPostprocessing = 0;
		};
		320EA3A42944569100BDDA4C /* Frameworks */ = {
			isa = PBXFrameworksBuildPhase;
			buildActionMask = 2147483647;
			files = (
			);
			runOnlyForDeploymentPostprocessing = 0;
		};
/* End PBXFrameworksBuildPhase section */

/* Begin PBXGroup section */
		320EA3842944568F00BDDA4C = {
			isa = PBXGroup;
			children = (
				320EA38F2944568F00BDDA4C /* SimpleDropdownSwiftUI */,
				320EA3A02944569100BDDA4C /* SimpleDropdownSwiftUITests */,
				320EA3AA2944569100BDDA4C /* SimpleDropdownSwiftUIUITests */,
				320EA38E2944568F00BDDA4C /* Products */,
			);
			sourceTree = "<group>";
		};
		320EA38E2944568F00BDDA4C /* Products */ = {
			isa = PBXGroup;
			children = (
				320EA38D2944568F00BDDA4C /* SimpleDropdownSwiftUI.app */,
				320EA39D2944569100BDDA4C /* SimpleDropdownSwiftUITests.xctest */,
				320EA3A72944569100BDDA4C /* SimpleDropdownSwiftUIUITests.xctest */,
			);
			name = Products;
			sourceTree = "<group>";
		};
		320EA38F2944568F00BDDA4C /* SimpleDropdownSwiftUI */ = {
			isa = PBXGroup;
			children = (
				320EA3902944568F00BDDA4C /* SimpleDropdownSwiftUIApp.swift */,
				320EA3922944568F00BDDA4C /* ContentView.swift */,
				320EA3942944569100BDDA4C /* Assets.xcassets */,
				320EA3962944569100BDDA4C /* Preview Content */,
			);
			path = SimpleDropdownSwiftUI;
			sourceTree = "<group>";
		};
		320EA3962944569100BDDA4C /* Preview Content */ = {
			isa = PBXGroup;
			children = (
				320EA3972944569100BDDA4C /* Preview Assets.xcassets */,
			);
			path = "Preview Content";
			sourceTree = "<group>";
		};
		320EA3A02944569100BDDA4C /* SimpleDropdownSwiftUITests */ = {
			isa = PBXGroup;
			children = (
				320EA3A12944569100BDDA4C /* SimpleDropdownSwiftUITests.swift */,
			);
			path = SimpleDropdownSwiftUITests;
			sourceTree = "<group>";
		};
		320EA3AA2944569100BDDA4C /* SimpleDropdownSwiftUIUITests */ = {
			isa = PBXGroup;
			children = (
				320EA3AB2944569100BDDA4C /* SimpleDropdownSwiftUIUITests.swift */,
				320EA3AD2944569100BDDA4C /* SimpleDropdownSwiftUIUITestsLaunchTests.swift */,
			);
			path = SimpleDropdownSwiftUIUITests;
			sourceTree = "<group>";
		};
/* End PBXGroup section */

/* Begin PBXNativeTarget section */
		320EA38C2944568F00BDDA4C /* SimpleDropdownSwiftUI */ = {
			isa = PBXNativeTarget;
			buildConfigurationList = 320EA3B12944569100BDDA4C /* Build configuration list for PBXNativeTarget "SimpleDropdownSwiftUI" */;
			buildPhases = (
				320EA3892944568F00BDDA4C /* Sources */,
				320EA38A2944568F00BDDA4C /* Frameworks */,
				320EA38B2944568F00BDDA4C /* Resources */,
			);
			buildRules = (
			);
			dependencies = (
			);
			name = SimpleDropdownSwiftUI;
			productName = SimpleDropdownSwiftUI;
			productReference = 320EA38D2944568F00BDDA4C /* SimpleDropdownSwiftUI.app */;
			productType = "com.apple.product-type.application";
		};
		320EA39C2944569100BDDA4C /* SimpleDropdownSwiftUITests */ = {
			isa = PBXNativeTarget;
			buildConfigurationList = 320EA3B42944569100BDDA4C /* Build configuration list for PBXNativeTarget "SimpleDropdownSwiftUITests" */;
			buildPhases = (
				320EA3992944569100BDDA4C /* Sources */,
				320EA39A2944569100BDDA4C /* Frameworks */,
				320EA39B2944569100BDDA4C /* Resources */,
			);
			buildRules = (
			);
			dependencies = (
				320EA39F2944569100BDDA4C /* PBXTargetDependency */,
			);
			name = SimpleDropdownSwiftUITests;
			productName = SimpleDropdownSwiftUITests;
			productReference = 320EA39D2944569100BDDA4C /* SimpleDropdownSwiftUITests.xctest */;
			productType = "com.apple.product-type.bundle.unit-test";
		};
		320EA3A62944569100BDDA4C /* SimpleDropdownSwiftUIUITests */ = {
			isa = PBXNativeTarget;
			buildConfigurationList = 320EA3B72944569100BDDA4C /* Build configuration list for PBXNativeTarget "SimpleDropdownSwiftUIUITests" */;
			buildPhases = (
				320EA3A32944569100BDDA4C /* Sources */,
				320EA3A42944569100BDDA4C /* Frameworks */,
				320EA3A52944569100BDDA4C /* Resources */,
			);
			buildRules = (
			);
			dependencies = (
				320EA3A92944569100BDDA4C /* PBXTargetDependency */,
			);
			name = SimpleDropdownSwiftUIUITests;
			productName = SimpleDropdownSwiftUIUITests;
			productReference = 320EA3A72944569100BDDA4C /* SimpleDropdownSwiftUIUITests.xctest */;
			productType = "com.apple.product-type.bundle.ui-testing";
		};
/* End PBXNativeTarget section */

/* Begin PBXProject section */
		320EA3852944568F00BDDA4C /* Project object */ = {
			isa = PBXProject;
			attributes = {
				BuildIndependentTargetsInParallel = 1;
				LastSwiftUpdateCheck = 1410;
				LastUpgradeCheck = 1410;
				TargetAttributes = {
					320EA38C2944568F00BDDA4C = {
						CreatedOnToolsVersion = 14.1;
					};
					320EA39C2944569100BDDA4C = {
						CreatedOnToolsVersion = 14.1;
						TestTargetID = 320EA38C2944568F00BDDA4C;
					};
					320EA3A62944569100BDDA4C = {
						CreatedOnToolsVersion = 14.1;
						TestTargetID = 320EA38C2944568F00BDDA4C;
					};
				};
			};
			buildConfigurationList = 320EA3882944568F00BDDA4C /* Build configuration list for PBXProject "SimpleDropdownSwiftUI" */;
			compatibilityVersion = "Xcode 14.0";
			developmentRegion = en;
			hasScannedForEncodings = 0;
			knownRegions = (
				en,
				Base,
			);
			mainGroup = 320EA3842944568F00BDDA4C;
			productRefGroup = 320EA38E2944568F00BDDA4C /* Products */;
			projectDirPath = "";
			projectRoot = "";
			targets = (
				320EA38C2944568F00BDDA4C /* SimpleDropdownSwiftUI */,
				320EA39C2944569100BDDA4C /* SimpleDropdownSwiftUITests */,
				320EA3A62944569100BDDA4C /* SimpleDropdownSwiftUIUITests */,
			);
		};
/* End PBXProject section */

/* Begin PBXResourcesBuildPhase section */
		320EA38B2944568F00BDDA4C /* Resources */ = {
			isa = PBXResourcesBuildPhase;
			buildActionMask = 2147483647;
			files = (
				320EA3982944569100BDDA4C /* Preview Assets.xcassets in Resources */,
				320EA3952944569100BDDA4C /* Assets.xcassets in Resources */,
			);
			runOnlyForDeploymentPostprocessing = 0;
		};
		320EA39B2944569100BDDA4C /* Resources */ = {
			isa = PBXResourcesBuildPhase;
			buildActionMask = 2147483647;
			files = (
			);
			runOnlyForDeploymentPostprocessing = 0;
		};
		320EA3A52944569100BDDA4C /* Resources */ = {
			isa = PBXResourcesBuildPhase;
			buildActionMask = 2147483647;
			files = (
			);
			runOnlyForDeploymentPostprocessing = 0;
		};
/* End PBXResourcesBuildPhase section */

/* Begin PBXSourcesBuildPhase section */
		320EA3892944568F00BDDA4C /* Sources */ = {
			isa = PBXSourcesBuildPhase;
			buildActionMask = 2147483647;
			files = (
				320EA3932944568F00BDDA4C /* ContentView.swift in Sources */,
				320EA3912944568F00BDDA4C /* SimpleDropdownSwiftUIApp.swift in Sources */,
			);
			runOnlyForDeploymentPostprocessing = 0;
		};
		320EA3992944569100BDDA4C /* Sources */ = {
			isa = PBXSourcesBuildPhase;
			buildActionMask = 2147483647;
			files = (
				320EA3A22944569100BDDA4C /* SimpleDropdownSwiftUITests.swift in Sources */,
			);
			runOnlyForDeploymentPostprocessing = 0;
		};
		320EA3A32944569100BDDA4C /* Sources */ = {
			isa = PBXSourcesBuildPhase;
			buildActionMask = 2147483647;
			files = (
				320EA3AC2944569100BDDA4C /* SimpleDropdownSwiftUIUITests.swift in Sources */,
				320EA3AE2944569100BDDA4C /* SimpleDropdownSwiftUIUITestsLaunchTests.swift in Sources */,
			);
			runOnlyForDeploymentPostprocessing = 0;
		};
/* End PBXSourcesBuildPhase section */

/* Begin PBXTargetDependency section */
		320EA39F2944569100BDDA4C /* PBXTargetDependency */ = {
			isa = PBXTargetDependency;
			target = 320EA38C2944568F00BDDA4C /* SimpleDropdownSwiftUI */;
			targetProxy = 320EA39E2944569100BDDA4C /* PBXContainerItemProxy */;
		};
		320EA3A92944569100BDDA4C /* PBXTargetDependency */ = {
			isa = PBXTargetDependency;
			target = 320EA38C2944568F00BDDA4C /* SimpleDropdownSwiftUI */;
			targetProxy = 320EA3A82944569100BDDA4C /* PBXContainerItemProxy */;
		};
/* End PBXTargetDependency section */

/* Begin XCBuildConfiguration section */
		320EA3AF2944569100BDDA4C /* Debug */ = {
			isa = XCBuildConfiguration;
			buildSettings = {
				ALWAYS_SEARCH_USER_PATHS = NO;
				CLANG_ANALYZER_NONNULL = YES;
				CLANG_ANALYZER_NUMBER_OBJECT_CONVERSION = YES_AGGRESSIVE;
				CLANG_CXX_LANGUAGE_STANDARD = "gnu++20";
				CLANG_ENABLE_MODULES = YES;
				CLANG_ENABLE_OBJC_ARC = YES;
				CLANG_ENABLE_OBJC_WEAK = YES;
				CLANG_WARN_BLOCK_CAPTURE_AUTORELEASING = YES;
				CLANG_WARN_BOOL_CONVERSION = YES;
				CLANG_WARN_COMMA = YES;
				CLANG_WARN_CONSTANT_CONVERSION = YES;
				CLANG_WARN_DEPRECATED_OBJC_IMPLEMENTATIONS = YES;
				CLANG_WARN_DIRECT_OBJC_ISA_USAGE = YES_ERROR;
				CLANG_WARN_DOCUMENTATION_COMMENTS = YES;
				CLANG_WARN_EMPTY_BODY = YES;
				CLANG_WARN_ENUM_CONVERSION = YES;
				CLANG_WARN_INFINITE_RECURSION = YES;
				CLANG_WARN_INT_CONVERSION = YES;
				CLANG_WARN_NON_LITERAL_NULL_CONVERSION = YES;
				CLANG_WARN_OBJC_IMPLICIT_RETAIN_SELF = YES;
				CLANG_WARN_OBJC_LITERAL_CONVERSION = YES;
				CLANG_WARN_OBJC_ROOT_CLASS = YES_ERROR;
				CLANG_WARN_QUOTED_INCLUDE_IN_FRAMEWORK_HEADER = YES;
				CLANG_WARN_RANGE_LOOP_ANALYSIS = YES;
				CLANG_WARN_STRICT_PROTOTYPES = YES;
				CLANG_WARN_SUSPICIOUS_MOVE = YES;
				CLANG_WARN_UNGUARDED_AVAILABILITY = YES_AGGRESSIVE;
				CLANG_WARN_UNREACHABLE_CODE = YES;
				CLANG_WARN__DUPLICATE_METHOD_MATCH = YES;
				COPY_PHASE_STRIP = NO;
				DEBUG_INFORMATION_FORMAT = dwarf;
				ENABLE_STRICT_OBJC_MSGSEND = YES;
				ENABLE_TESTABILITY = YES;
				GCC_C_LANGUAGE_STANDARD = gnu11;
				GCC_DYNAMIC_NO_PIC = NO;
				GCC_NO_COMMON_BLOCKS = YES;
				GCC_OPTIMIZATION_LEVEL = 0;
				GCC_PREPROCESSOR_DEFINITIONS = (
					"DEBUG=1",
					"$(inherited)",
				);
				GCC_WARN_64_TO_32_BIT_CONVERSION = YES;
				GCC_WARN_ABOUT_RETURN_TYPE = YES_ERROR;
				GCC_WARN_UNDECLARED_SELECTOR = YES;
				GCC_WARN_UNINITIALIZED_AUTOS = YES_AGGRESSIVE;
				GCC_WARN_UNUSED_FUNCTION = YES;
				GCC_WARN_UNUSED_VARIABLE = YES;
				IPHONEOS_DEPLOYMENT_TARGET = 16.1;
				MTL_ENABLE_DEBUG_INFO = INCLUDE_SOURCE;
				MTL_FAST_MATH = YES;
				ONLY_ACTIVE_ARCH = YES;
				SDKROOT = iphoneos;
				SWIFT_ACTIVE_COMPILATION_CONDITIONS = DEBUG;
				SWIFT_OPTIMIZATION_LEVEL = "-Onone";
			};
			name = Debug;
		};
		320EA3B02944569100BDDA4C /* Release */ = {
			isa = XCBuildConfiguration;
			buildSettings = {
				ALWAYS_SEARCH_USER_PATHS = NO;
				CLANG_ANALYZER_NONNULL = YES;
				CLANG_ANALYZER_NUMBER_OBJECT_CONVERSION = YES_AGGRESSIVE;
				CLANG_CXX_LANGUAGE_STANDARD = "gnu++20";
				CLANG_ENABLE_MODULES = YES;
				CLANG_ENABLE_OBJC_ARC = YES;
				CLANG_ENABLE_OBJC_WEAK = YES;
				CLANG_WARN_BLOCK_CAPTURE_AUTORELEASING = YES;
				CLANG_WARN_BOOL_CONVERSION = YES;
				CLANG_WARN_COMMA = YES;
				CLANG_WARN_CONSTANT_CONVERSION = YES;
				CLANG_WARN_DEPRECATED_OBJC_IMPLEMENTATIONS = YES;
				CLANG_WARN_DIRECT_OBJC_ISA_USAGE = YES_ERROR;
				CLANG_WARN_DOCUMENTATION_COMMENTS = YES;
				CLANG_WARN_EMPTY_BODY = YES;
				CLANG_WARN_ENUM_CONVERSION = YES;
				CLANG_WARN_INFINITE_RECURSION = YES;
				CLANG_WARN_INT_CONVERSION = YES;
				CLANG_WARN_NON_LITERAL_NULL_CONVERSION = YES;
				CLANG_WARN_OBJC_IMPLICIT_RETAIN_SELF = YES;
				CLANG_WARN_OBJC_LITERAL_CONVERSION = YES;
				CLANG_WARN_OBJC_ROOT_CLASS = YES_ERROR;
				CLANG_WARN_QUOTED_INCLUDE_IN_FRAMEWORK_HEADER = YES;
				CLANG_WARN_RANGE_LOOP_ANALYSIS = YES;
				CLANG_WARN_STRICT_PROTOTYPES = YES;
				CLANG_WARN_SUSPICIOUS_MOVE = YES;
				CLANG_WARN_UNGUARDED_AVAILABILITY = YES_AGGRESSIVE;
				CLANG_WARN_UNREACHABLE_CODE = YES;
				CLANG_WARN__DUPLICATE_METHOD_MATCH = YES;
				COPY_PHASE_STRIP = NO;
				DEBUG_INFORMATION_FORMAT = "dwarf-with-dsym";
				ENABLE_NS_ASSERTIONS = NO;
				ENABLE_STRICT_OBJC_MSGSEND = YES;
				GCC_C_LANGUAGE_STANDARD = gnu11;
				GCC_NO_COMMON_BLOCKS = YES;
				GCC_WARN_64_TO_32_BIT_CONVERSION = YES;
				GCC_WARN_ABOUT_RETURN_TYPE = YES_ERROR;
				GCC_WARN_UNDECLARED_SELECTOR = YES;
				GCC_WARN_UNINITIALIZED_AUTOS = YES_AGGRESSIVE;
				GCC_WARN_UNUSED_FUNCTION = YES;
				GCC_WARN_UNUSED_VARIABLE = YES;
				IPHONEOS_DEPLOYMENT_TARGET = 16.1;
				MTL_ENABLE_DEBUG_INFO = NO;
				MTL_FAST_MATH = YES;
				SDKROOT = iphoneos;
				SWIFT_COMPILATION_MODE = wholemodule;
				SWIFT_OPTIMIZATION_LEVEL = "-O";
				VALIDATE_PRODUCT = YES;
			};
			name = Release;
		};
		320EA3B22944569100BDDA4C /* Debug */ = {
			isa = XCBuildConfiguration;
			buildSettings = {
				ASSETCATALOG_COMPILER_APPICON_NAME = AppIcon;
				ASSETCATALOG_COMPILER_GLOBAL_ACCENT_COLOR_NAME = AccentColor;
				CODE_SIGN_STYLE = Automatic;
				CURRENT_PROJECT_VERSION = 1;
				DEVELOPMENT_ASSET_PATHS = "\"SimpleDropdownSwiftUI/Preview Content\"";
				DEVELOPMENT_TEAM = YPD3TP4P79;
				ENABLE_PREVIEWS = YES;
				GENERATE_INFOPLIST_FILE = YES;
				INFOPLIST_KEY_UIApplicationSceneManifest_Generation = YES;
				INFOPLIST_KEY_UIApplicationSupportsIndirectInputEvents = YES;
				INFOPLIST_KEY_UILaunchScreen_Generation = YES;
				INFOPLIST_KEY_UISupportedInterfaceOrientations_iPad = "UIInterfaceOrientationPortrait UIInterfaceOrientationPortraitUpsideDown UIInterfaceOrientationLandscapeLeft UIInterfaceOrientationLandscapeRight";
				INFOPLIST_KEY_UISupportedInterfaceOrientations_iPhone = "UIInterfaceOrientationPortrait UIInterfaceOrientationLandscapeLeft UIInterfaceOrientationLandscapeRight";
				LD_RUNPATH_SEARCH_PATHS = (
					"$(inherited)",
					"@executable_path/Frameworks",
				);
				MARKETING_VERSION = 1.0;
				PRODUCT_BUNDLE_IDENTIFIER = com.ist.SimpleDropdownSwiftUI;
				PRODUCT_NAME = "$(TARGET_NAME)";
				SWIFT_EMIT_LOC_STRINGS = YES;
				SWIFT_VERSION = 5.0;
				TARGETED_DEVICE_FAMILY = "1,2";
			};
			name = Debug;
		};
		320EA3B32944569100BDDA4C /* Release */ = {
			isa = XCBuildConfiguration;
			buildSettings = {
				ASSETCATALOG_COMPILER_APPICON_NAME = AppIcon;
				ASSETCATALOG_COMPILER_GLOBAL_ACCENT_COLOR_NAME = AccentColor;
				CODE_SIGN_STYLE = Automatic;
				CURRENT_PROJECT_VERSION = 1;
				DEVELOPMENT_ASSET_PATHS = "\"SimpleDropdownSwiftUI/Preview Content\"";
				DEVELOPMENT_TEAM = YPD3TP4P79;
				ENABLE_PREVIEWS = YES;
				GENERATE_INFOPLIST_FILE = YES;
				INFOPLIST_KEY_UIApplicationSceneManifest_Generation = YES;
				INFOPLIST_KEY_UIApplicationSupportsIndirectInputEvents = YES;
				INFOPLIST_KEY_UILaunchScreen_Generation = YES;
				INFOPLIST_KEY_UISupportedInterfaceOrientations_iPad = "UIInterfaceOrientationPortrait UIInterfaceOrientationPortraitUpsideDown UIInterfaceOrientationLandscapeLeft UIInterfaceOrientationLandscapeRight";
				INFOPLIST_KEY_UISupportedInterfaceOrientations_iPhone = "UIInterfaceOrientationPortrait UIInterfaceOrientationLandscapeLeft UIInterfaceOrientationLandscapeRight";
				LD_RUNPATH_SEARCH_PATHS = (
					"$(inherited)",
					"@executable_path/Frameworks",
				);
				MARKETING_VERSION = 1.0;
				PRODUCT_BUNDLE_IDENTIFIER = com.ist.SimpleDropdownSwiftUI;
				PRODUCT_NAME = "$(TARGET_NAME)";
				SWIFT_EMIT_LOC_STRINGS = YES;
				SWIFT_VERSION = 5.0;
				TARGETED_DEVICE_FAMILY = "1,2";
			};
			name = Release;
		};
		320EA3B52944569100BDDA4C /* Debug */ = {
			isa = XCBuildConfiguration;
			buildSettings = {
				ALWAYS_EMBED_SWIFT_STANDARD_LIBRARIES = YES;
				BUNDLE_LOADER = "$(TEST_HOST)";
				CODE_SIGN_STYLE = Automatic;
				CURRENT_PROJECT_VERSION = 1;
				DEVELOPMENT_TEAM = YPD3TP4P79;
				GENERATE_INFOPLIST_FILE = YES;
				IPHONEOS_DEPLOYMENT_TARGET = 16.1;
				MARKETING_VERSION = 1.0;
				PRODUCT_BUNDLE_IDENTIFIER = com.ist.SimpleDropdownSwiftUITests;
				PRODUCT_NAME = "$(TARGET_NAME)";
				SWIFT_EMIT_LOC_STRINGS = NO;
				SWIFT_VERSION = 5.0;
				TARGETED_DEVICE_FAMILY = "1,2";
				TEST_HOST = "$(BUILT_PRODUCTS_DIR)/SimpleDropdownSwiftUI.app/$(BUNDLE_EXECUTABLE_FOLDER_PATH)/SimpleDropdownSwiftUI";
			};
			name = Debug;
		};
		320EA3B62944569100BDDA4C /* Release */ = {
			isa = XCBuildConfiguration;
			buildSettings = {
				ALWAYS_EMBED_SWIFT_STANDARD_LIBRARIES = YES;
				BUNDLE_LOADER = "$(TEST_HOST)";
				CODE_SIGN_STYLE = Automatic;
				CURRENT_PROJECT_VERSION = 1;
				DEVELOPMENT_TEAM = YPD3TP4P79;
				GENERATE_INFOPLIST_FILE = YES;
				IPHONEOS_DEPLOYMENT_TARGET = 16.1;
				MARKETING_VERSION = 1.0;
				PRODUCT_BUNDLE_IDENTIFIER = com.ist.SimpleDropdownSwiftUITests;
				PRODUCT_NAME = "$(TARGET_NAME)";
				SWIFT_EMIT_LOC_STRINGS = NO;
				SWIFT_VERSION = 5.0;
				TARGETED_DEVICE_FAMILY = "1,2";
				TEST_HOST = "$(BUILT_PRODUCTS_DIR)/SimpleDropdownSwiftUI.app/$(BUNDLE_EXECUTABLE_FOLDER_PATH)/SimpleDropdownSwiftUI";
			};
			name = Release;
		};
		320EA3B82944569100BDDA4C /* Debug */ = {
			isa = XCBuildConfiguration;
			buildSettings = {
				ALWAYS_EMBED_SWIFT_STANDARD_LIBRARIES = YES;
				CODE_SIGN_STYLE = Automatic;
				CURRENT_PROJECT_VERSION = 1;
				DEVELOPMENT_TEAM = YPD3TP4P79;
				GENERATE_INFOPLIST_FILE = YES;
				MARKETING_VERSION = 1.0;
				PRODUCT_BUNDLE_IDENTIFIER = com.ist.SimpleDropdownSwiftUIUITests;
				PRODUCT_NAME = "$(TARGET_NAME)";
				SWIFT_EMIT_LOC_STRINGS = NO;
				SWIFT_VERSION = 5.0;
				TARGETED_DEVICE_FAMILY = "1,2";
				TEST_TARGET_NAME = SimpleDropdownSwiftUI;
			};
			name = Debug;
		};
		320EA3B92944569100BDDA4C /* Release */ = {
			isa = XCBuildConfiguration;
			buildSettings = {
				ALWAYS_EMBED_SWIFT_STANDARD_LIBRARIES = YES;
				CODE_SIGN_STYLE = Automatic;
				CURRENT_PROJECT_VERSION = 1;
				DEVELOPMENT_TEAM = YPD3TP4P79;
				GENERATE_INFOPLIST_FILE = YES;
				MARKETING_VERSION = 1.0;
				PRODUCT_BUNDLE_IDENTIFIER = com.ist.SimpleDropdownSwiftUIUITests;
				PRODUCT_NAME = "$(TARGET_NAME)";
				SWIFT_EMIT_LOC_STRINGS = NO;
				SWIFT_VERSION = 5.0;
				TARGETED_DEVICE_FAMILY = "1,2";
				TEST_TARGET_NAME = SimpleDropdownSwiftUI;
			};
			name = Release;
		};
/* End XCBuildConfiguration section */

/* Begin XCConfigurationList section */
		320EA3882944568F00BDDA4C /* Build configuration list for PBXProject "SimpleDropdownSwiftUI" */ = {
			isa = XCConfigurationList;
			buildConfigurations = (
				320EA3AF2944569100BDDA4C /* Debug */,
				320EA3B02944569100BDDA4C /* Release */,
			);
			defaultConfigurationIsVisible = 0;
			defaultConfigurationName = Release;
		};
		320EA3B12944569100BDDA4C /* Build configuration list for PBXNativeTarget "SimpleDropdownSwiftUI" */ = {
			isa = XCConfigurationList;
			buildConfigurations = (
				320EA3B22944569100BDDA4C /* Debug */,
				320EA3B32944569100BDDA4C /* Release */,
			);
			defaultConfigurationIsVisible = 0;
			defaultConfigurationName = Release;
		};
		320EA3B42944569100BDDA4C /* Build configuration list for PBXNativeTarget "SimpleDropdownSwiftUITests" */ = {
			isa = XCConfigurationList;
			buildConfigurations = (
				320EA3B52944569100BDDA4C /* Debug */,
				320EA3B62944569100BDDA4C /* Release */,
			);
			defaultConfigurationIsVisible = 0;
			defaultConfigurationName = Release;
		};
		320EA3B72944569100BDDA4C /* Build configuration list for PBXNativeTarget "SimpleDropdownSwiftUIUITests" */ = {
			isa = XCConfigurationList;
			buildConfigurations = (
				320EA3B82944569100BDDA4C /* Debug */,
				320EA3B92944569100BDDA4C /* Release */,
			);
			defaultConfigurationIsVisible = 0;
			defaultConfigurationName = Release;
		};
/* End XCConfigurationList section */
	};
	rootObject = 320EA3852944568F00BDDA4C /* Project object */;
}
